Microsoft Visual Studio Solution File, Format Version 12.00
# Visual Studio Version 17
VisualStudioVersion = 17.5.2.0
MinimumVisualStudioVersion = 10.0.40219.1
Project("{FAE04EC0-301F-11D3-BF4B-00C04F79EFBC}") = "USFParkingApp.Web", "USFParkingApp.Web\USFParkingApp.Web.csproj", "{D4B8DB0E-E21A-4B6A-9A7C-2A3A7E07E9D5}"
EndProject
Project("{FAE04EC0-301F-11D3-BF4B-00C04F79EFBC}") = "USFParkingApp.Core", "USFParkingApp.Core\USFParkingApp.Core.csproj", "{F94A427B-D35B-4D98-9B66-A9E734E0DC5E}"
EndProject
Project("{FAE04EC0-301F-11D3-BF4B-00C04F79EFBC}") = "USFParkingApp.Infrastructure", "USFParkingApp.Infrastructure\USFParkingApp.Infrastructure.csproj", "{C3E9CEA8-B1E3-4A1F-BE5D-CB2F83E52A4A}"
EndProject
Global
	GlobalSection(SolutionConfigurationPlatforms) = preSolution
		Debug|Any CPU = Debug|Any CPU
		Release|Any CPU = Release|Any CPU
	EndGlobalSection
	GlobalSection(ProjectConfigurationPlatforms) = postSolution
		{D4B8DB0E-E21A-4B6A-9A7C-2A3A7E07E9D5}.Debug|Any CPU.ActiveCfg = Debug|Any CPU
		{D4B8DB0E-E21A-4B6A-9A7C-2A3A7E07E9D5}.Debug|Any CPU.Build.0 = Debug|Any CPU
		{D4B8DB0E-E21A-4B6A-9A7C-2A3A7E07E9D5}.Release|Any CPU.ActiveCfg = Release|Any CPU
		{D4B8DB0E-E21A-4B6A-9A7C-2A3A7E07E9D5}.Release|Any CPU.Build.0 = Release|Any CPU
		{F94A427B-D35B-4D98-9B66-A9E734E0DC5E}.Debug|Any CPU.ActiveCfg = Debug|Any CPU
		{F94A427B-D35B-4D98-9B66-A9E734E0DC5E}.Debug|Any CPU.Build.0 = Debug|Any CPU
		{F94A427B-D35B-4D98-9B66-A9E734E0DC5E}.Release|Any CPU.ActiveCfg = Release|Any CPU
		{F94A427B-D35B-4D98-9B66-A9E734E0DC5E}.Release|Any CPU.Build.0 = Release|Any CPU
		{C3E9CEA8-B1E3-4A1F-BE5D-CB2F83E52A4A}.Debug|Any CPU.ActiveCfg = Debug|Any CPU
		{C3E9CEA8-B1E3-4A1F-BE5D-CB2F83E52A4A}.Debug|Any CPU.Build.0 = Debug|Any CPU
		{C3E9CEA8-B1E3-4A1F-BE5D-CB2F83E52A4A}.Release|Any CPU.ActiveCfg = Release|Any CPU
		{C3E9CEA8-B1E3-4A1F-BE5D-CB2F83E52A4A}.Release|Any CPU.Build.0 = Release|Any CPU
	EndGlobalSection
	GlobalSection(SolutionProperties) = preSolution
		HideSolutionNode = FALSE
	EndGlobalSection
	GlobalSection(ExtensibilityGlobals) = postSolution
		SolutionGuid = {E4CCDAD3-5BF8-4CBD-B0B5-73F1BEA6FD2D}
	EndGlobalSection
EndGlobal